
Microsoft Visual Studio Solution File, Format Version 12.00
# Visual Studio Version 17
VisualStudioVersion = 17.2.32630.192
MinimumVisualStudioVersion = 10.0.40219.1
Project("{FAE04EC0-301F-11D3-BF4B-00C04F79EFBC}") = "calculater", "calculater\calculater.csproj", "{E5DD39DB-64C7-444B-A387-40E14BAC312A}"
EndProject
Global
	GlobalSection(SolutionConfigurationPlatforms) = preSolution
		Debug|Any CPU = Debug|Any CPU
		Release|Any CPU = Release|Any CPU
	EndGlobalSection
	GlobalSection(ProjectConfigurationPlatforms) = postSolution
		{E5DD39DB-64C7-444B-A387-40E14BAC312A}.Debug|Any CPU.ActiveCfg = Debug|Any CPU
		{E5DD39DB-64C7-444B-A387-40E14BAC312A}.Debug|Any CPU.Build.0 = Debug|Any CPU
		{E5DD39DB-64C7-444B-A387-40E14BAC312A}.Release|Any CPU.ActiveCfg = Release|Any CPU
		{E5DD39DB-64C7-444B-A387-40E14BAC312A}.Release|Any CPU.Build.0 = Release|Any CPU
	EndGlobalSection
	GlobalSection(SolutionProperties) = preSolution
		HideSolutionNode = FALSE
	EndGlobalSection
	GlobalSection(ExtensibilityGlobals) = postSolution
		SolutionGuid = {984EDBB7-1673-486F-A489-96649E7929F0}
	EndGlobalSection
EndGlobal
